
Microsoft Visual Studio Solution File, Format Version 12.00
# Visual Studio Version 17
VisualStudioVersion = 17.2.32602.215
MinimumVisualStudioVersion = 10.0.40219.1
Project("{FAE04EC0-301F-11D3-BF4B-00C04F79EFBC}") = "laba1", "laba1\laba1.csproj", "{0BC3ED18-8D35-4CBE-BEAF-B705620CFE7E}"
EndProject
Global
	GlobalSection(SolutionConfigurationPlatforms) = preSolution
		Debug|Any CPU = Debug|Any CPU
		Release|Any CPU = Release|Any CPU
	EndGlobalSection
	GlobalSection(ProjectConfigurationPlatforms) = postSolution
		{0BC3ED18-8D35-4CBE-BEAF-B705620CFE7E}.Debug|Any CPU.ActiveCfg = Debug|Any CPU
		{0BC3ED18-8D35-4CBE-BEAF-B705620CFE7E}.Debug|Any CPU.Build.0 = Debug|Any CPU
		{0BC3ED18-8D35-4CBE-BEAF-B705620CFE7E}.Release|Any CPU.ActiveCfg = Release|Any CPU
		{0BC3ED18-8D35-4CBE-BEAF-B705620CFE7E}.Release|Any CPU.Build.0 = Release|Any CPU
	EndGlobalSection
	GlobalSection(SolutionProperties) = preSolution
		HideSolutionNode = FALSE
	EndGlobalSection
	GlobalSection(ExtensibilityGlobals) = postSolution
		SolutionGuid = {1BB9C55F-5E93-4F45-9CD4-CE8325E18A47}
	EndGlobalSection
EndGlobal
